<?xml version="1.0" encoding="utf-8"?>
<Project ToolsVersion="4.0" xmlns="http://schemas.microsoft.com/developer/msbuild/2003">
  <ItemGroup>
    <Filter Include="源文件">
      <UniqueIdentifier>{4FC737F1-C7A5-4376-A066-2A32D752A2FF}</UniqueIdentifier>
      <Extensions>cpp;c;cc;cxx;def;odl;idl;hpj;bat;asm;asmx</Extensions>
    </Filter>
    <Filter Include="头文件">
      <UniqueIdentifier>{93995380-89BD-4b04-88EB-625FBE52EBFB}</UniqueIdentifier>
      <Extensions>h;hh;hpp;hxx;hm;inl;inc;ipp;xsd</Extensions>
    </Filter>
    <Filter Include="资源文件">
      <UniqueIdentifier>{67DA6AB6-F800-4c08-8B7A-83BB121AAD01}</UniqueIdentifier>
      <Extensions>rc;ico;cur;bmp;dlg;rc2;rct;bin;rgs;gif;jpg;jpeg;jpe;resx;tiff;tif;png;wav;mfcribbon-ms</Extensions>
    </Filter>
    <Filter Include="wavfile">
      <UniqueIdentifier>{3cf15935-cece-4b76-8064-a7176cfd467e}</UniqueIdentifier>
    </Filter>
    <Filter Include="C++ version three-band splitting filter">
      <UniqueIdentifier>{ea339348-2b0a-4e60-83a1-55fb376b7a13}</UniqueIdentifier>
    </Filter>
  </ItemGroup>
  <ItemGroup>
    <ClInclude Include="mThreeBandFilter.h">
      <Filter>头文件</Filter>
    </ClInclude>
    <ClInclude Include="my_sparse_fir_fliter.h">
      <Filter>头文件</Filter>
    </ClInclude>
    <ClInclude Include="dr_wav.h">
      <Filter>wavfile</Filter>
    </ClInclude>
    <ClInclude Include="wavfile.h">
      <Filter>wavfile</Filter>
    </ClInclude>
    <ClInclude Include="splitting_filter\sparse_fir_filter.h">
      <Filter>C++ version three-band splitting filter</Filter>
    </ClInclude>
    <ClInclude Include="splitting_filter\three_band_filter_bank.h">
      <Filter>C++ version three-band splitting filter</Filter>
    </ClInclude>
    <ClInclude Include="cpp_threeband_filter.h">
      <Filter>头文件</Filter>
    </ClInclude>
  </ItemGroup>
  <ItemGroup>
    <ClCompile Include="ProjectY.cpp">
      <Filter>源文件</Filter>
    </ClCompile>
    <ClCompile Include="splitting_filter\sparse_fir_filter.cc">
      <Filter>C++ version three-band splitting filter</Filter>
    </ClCompile>
    <ClCompile Include="splitting_filter\three_band_filter_bank.cc">
      <Filter>C++ version three-band splitting filter</Filter>
    </ClCompile>
  </ItemGroup>
</Project>